{
  "object": {
    "pins": [
      {
        "package": "Alamofire",
        "repositoryURL": "https://github.com/Alamofire/Alamofire",
        "state": {
          "branch": null,
          "revision": "69a3338fa7eb429bd2845f74e76a78e24b425c6c",
          "version": "5.0.3"
        }
      }
    ]
  },
  "version": 1
}
